<?xml version="1.0" encoding="utf-8"?>
<Project ToolsVersion="4.0" xmlns="http://schemas.microsoft.com/developer/msbuild/2003">
  <ItemGroup>
    <ClCompile Include="Framework\console.cpp" />
    <ClCompile Include="Framework\timer.cpp" />
    <ClCompile Include="game.cpp" />
    <ClCompile Include="main.cpp" />
    <ClCompile Include="tilemanager.cpp" />
    <ClCompile Include="combatRender.cpp" />
    <ClCompile Include="mobmovement.cpp" />
  </ItemGroup>
  <ItemGroup>
    <ClInclude Include="consoleHolder.h" />
    <ClInclude Include="Framework\console.h" />
    <ClInclude Include="Framework\timer.h" />
    <ClInclude Include="game.h" />
    <ClInclude Include="tilemanager.h" />
    <ClInclude Include="combatRender.h" />
    <ClInclude Include="mobmovement.h" />
  </ItemGroup>
  <ItemGroup>
    <Text Include="game_over_screen.txt" />
    <Text Include="main_menu_frame_1.txt" />
    <Text Include="main_menu_frame_2.txt" />
    <Text Include="Controls.txt" />
    <Text Include="pause_screen_1.txt" />
    <Text Include="pause_screen_2.txt" />
    <Text Include="pause_screen_3.txt" />
  </ItemGroup>
</Project>